
Microsoft Visual Studio Solution File, Format Version 12.00
# Visual Studio 14
VisualStudioVersion = 14.0.25420.1
MinimumVisualStudioVersion = 10.0.40219.1
Project("{FAE04EC0-301F-11D3-BF4B-00C04F79EFBC}") = "Autochess", "Autochess\Autochess.csproj", "{E4CC5A27-EDBF-42EC-96F2-582F7C6B38A8}"
EndProject
Project("{8BC9CEB8-8B4A-11D0-8D11-00A0C91BC942}") = "Autofocus", "Autofocus\Autofocus.vcxproj", "{B0BE397D-C094-4B6A-8C75-136B056D1305}"
EndProject
Global
	GlobalSection(SolutionConfigurationPlatforms) = preSolution
		Debug|Any CPU = Debug|Any CPU
		Debug|x64 = Debug|x64
		Debug|x86 = Debug|x86
		Release (static linked)|Any CPU = Release (static linked)|Any CPU
		Release (static linked)|x64 = Release (static linked)|x64
		Release (static linked)|x86 = Release (static linked)|x86
		Release|Any CPU = Release|Any CPU
		Release|x64 = Release|x64
		Release|x86 = Release|x86
	EndGlobalSection
	GlobalSection(ProjectConfigurationPlatforms) = postSolution
		{E4CC5A27-EDBF-42EC-96F2-582F7C6B38A8}.Debug|Any CPU.ActiveCfg = Debug|Any CPU
		{E4CC5A27-EDBF-42EC-96F2-582F7C6B38A8}.Debug|Any CPU.Build.0 = Debug|Any CPU
		{E4CC5A27-EDBF-42EC-96F2-582F7C6B38A8}.Debug|x64.ActiveCfg = Debug|Any CPU
		{E4CC5A27-EDBF-42EC-96F2-582F7C6B38A8}.Debug|x64.Build.0 = Debug|Any CPU
		{E4CC5A27-EDBF-42EC-96F2-582F7C6B38A8}.Debug|x86.ActiveCfg = Debug|Any CPU
		{E4CC5A27-EDBF-42EC-96F2-582F7C6B38A8}.Debug|x86.Build.0 = Debug|Any CPU
		{E4CC5A27-EDBF-42EC-96F2-582F7C6B38A8}.Release (static linked)|Any CPU.ActiveCfg = Release|Any CPU
		{E4CC5A27-EDBF-42EC-96F2-582F7C6B38A8}.Release (static linked)|Any CPU.Build.0 = Release|Any CPU
		{E4CC5A27-EDBF-42EC-96F2-582F7C6B38A8}.Release (static linked)|x64.ActiveCfg = Release|Any CPU
		{E4CC5A27-EDBF-42EC-96F2-582F7C6B38A8}.Release (static linked)|x64.Build.0 = Release|Any CPU
		{E4CC5A27-EDBF-42EC-96F2-582F7C6B38A8}.Release (static linked)|x86.ActiveCfg = Release|Any CPU
		{E4CC5A27-EDBF-42EC-96F2-582F7C6B38A8}.Release (static linked)|x86.Build.0 = Release|Any CPU
		{E4CC5A27-EDBF-42EC-96F2-582F7C6B38A8}.Release|Any CPU.ActiveCfg = Release|Any CPU
		{E4CC5A27-EDBF-42EC-96F2-582F7C6B38A8}.Release|Any CPU.Build.0 = Release|Any CPU
		{E4CC5A27-EDBF-42EC-96F2-582F7C6B38A8}.Release|x64.ActiveCfg = Release|Any CPU
		{E4CC5A27-EDBF-42EC-96F2-582F7C6B38A8}.Release|x64.Build.0 = Release|Any CPU
		{E4CC5A27-EDBF-42EC-96F2-582F7C6B38A8}.Release|x86.ActiveCfg = Release|Any CPU
		{E4CC5A27-EDBF-42EC-96F2-582F7C6B38A8}.Release|x86.Build.0 = Release|Any CPU
		{B0BE397D-C094-4B6A-8C75-136B056D1305}.Debug|Any CPU.ActiveCfg = Debug|Win32
		{B0BE397D-C094-4B6A-8C75-136B056D1305}.Debug|Any CPU.Build.0 = Debug|Win32
		{B0BE397D-C094-4B6A-8C75-136B056D1305}.Debug|x64.ActiveCfg = Debug|x64
		{B0BE397D-C094-4B6A-8C75-136B056D1305}.Debug|x64.Build.0 = Debug|x64
		{B0BE397D-C094-4B6A-8C75-136B056D1305}.Debug|x86.ActiveCfg = Debug|Win32
		{B0BE397D-C094-4B6A-8C75-136B056D1305}.Debug|x86.Build.0 = Debug|Win32
		{B0BE397D-C094-4B6A-8C75-136B056D1305}.Release (static linked)|Any CPU.ActiveCfg = Release|x64
		{B0BE397D-C094-4B6A-8C75-136B056D1305}.Release (static linked)|Any CPU.Build.0 = Release|x64
		{B0BE397D-C094-4B6A-8C75-136B056D1305}.Release (static linked)|x64.ActiveCfg = Release|x64
		{B0BE397D-C094-4B6A-8C75-136B056D1305}.Release (static linked)|x64.Build.0 = Release|x64
		{B0BE397D-C094-4B6A-8C75-136B056D1305}.Release (static linked)|x86.ActiveCfg = Release|Win32
		{B0BE397D-C094-4B6A-8C75-136B056D1305}.Release (static linked)|x86.Build.0 = Release|Win32
		{B0BE397D-C094-4B6A-8C75-136B056D1305}.Release|Any CPU.ActiveCfg = Release|Win32
		{B0BE397D-C094-4B6A-8C75-136B056D1305}.Release|x64.ActiveCfg = Release|x64
		{B0BE397D-C094-4B6A-8C75-136B056D1305}.Release|x64.Build.0 = Release|x64
		{B0BE397D-C094-4B6A-8C75-136B056D1305}.Release|x86.ActiveCfg = Release|Win32
		{B0BE397D-C094-4B6A-8C75-136B056D1305}.Release|x86.Build.0 = Release|Win32
	EndGlobalSection
	GlobalSection(SolutionProperties) = preSolution
		HideSolutionNode = FALSE
	EndGlobalSection
EndGlobal
